
Microsoft Visual Studio Solution File, Format Version 12.00
# Visual Studio Version 17
VisualStudioVersion = 17.4.33027.239
MinimumVisualStudioVersion = 10.0.40219.1
Project("{2150E333-8FDC-42A3-9474-1A3956D46DE8}") = "_External", "_External", "{875EBDBE-D14E-4A4A-901A-9A6D6295535F}"
EndProject
Project("{2150E333-8FDC-42A3-9474-1A3956D46DE8}") = "Jetson", "Jetson", "{1874F965-44FA-416A-ADC0-988080AB3BAA}"
EndProject
Project("{2150E333-8FDC-42A3-9474-1A3956D46DE8}") = "Raspi", "Raspi", "{DD3AA10D-7A7D-4DA7-B8B2-A9309B8F32D4}"
EndProject
Project("{2150E333-8FDC-42A3-9474-1A3956D46DE8}") = "WSL", "WSL", "{206FF883-FA74-46F4-9C81-65917A9FBECB}"
EndProject
Project("{9A19103F-16F7-4668-BE54-9A1E7A4F7556}") = "Capsium.Linux", "..\..\Capsium.Core\src\Capsium.Linux\Capsium.Linux.csproj", "{A0F4E104-4499-4517-AA8B-A0F838A1AF86}"
EndProject
Project("{9A19103F-16F7-4668-BE54-9A1E7A4F7556}") = "Capsium.Contracts", "..\..\Capsium.Core\src\Capsium.Contracts\Capsium.Contracts.csproj", "{01717C49-BA37-4559-AE82-1F4E97FF8D7C}"
EndProject
Project("{9A19103F-16F7-4668-BE54-9A1E7A4F7556}") = "Capsium.Foundation.Core", "..\..\Capsium.Core\src\Capsium.Foundation.Core\Capsium.Foundation.Core.csproj", "{7AFE90CA-EACA-4F13-9BBB-27B61BC8C074}"
EndProject
Project("{9A19103F-16F7-4668-BE54-9A1E7A4F7556}") = "XavierI2C_Sample", "XavierI2C_Sample\XavierI2C_Sample.csproj", "{E9D3D29B-069F-485F-8150-9C1EEE1F80E0}"
EndProject
Project("{9A19103F-16F7-4668-BE54-9A1E7A4F7556}") = "Sensors.Atmospheric.Ccs811", "..\..\Capsium.Foundation\src\Capsium.Foundation.Peripherals\Sensors.Atmospheric.Ccs811\Driver\Sensors.Atmospheric.Ccs811.csproj", "{B4153A4D-51E5-4007-8964-DCAE4519D78A}"
EndProject
Project("{9A19103F-16F7-4668-BE54-9A1E7A4F7556}") = "Sensors.Atmospheric.Si70xx", "..\..\Capsium.Foundation\src\Capsium.Foundation.Peripherals\Sensors.Atmospheric.Si70xx\Driver\Sensors.Atmospheric.Si70xx.csproj", "{FA0DF18E-BA77-431D-9924-AE7EEA900B23}"
EndProject
Project("{9A19103F-16F7-4668-BE54-9A1E7A4F7556}") = "Sensors.Atmospheric.Bme280", "..\..\Capsium.Foundation\src\Capsium.Foundation.Peripherals\Sensors.Atmospheric.Bme280\Driver\Sensors.Atmospheric.Bme280.csproj", "{39D46938-0258-48DC-917A-BC1669F8F7F0}"
EndProject
Project("{9A19103F-16F7-4668-BE54-9A1E7A4F7556}") = "Sensors.Motion.Adxl3xx", "..\..\Capsium.Foundation\src\Capsium.Foundation.Peripherals\Sensors.Motion.Adxl3xx\Driver\Sensors.Motion.Adxl3xx.csproj", "{8BE1598C-090B-44FD-A07C-DBC93CF8981A}"
EndProject
Project("{9A19103F-16F7-4668-BE54-9A1E7A4F7556}") = "Sensors.Motion.Bno055", "..\..\Capsium.Foundation\src\Capsium.Foundation.Peripherals\Sensors.Motion.Bno055\Driver\Sensors.Motion.Bno055.csproj", "{D78DC91E-FF0F-451A-BB29-5D990E40CF98}"
EndProject
Project("{9A19103F-16F7-4668-BE54-9A1E7A4F7556}") = "Capsium.Units", "..\..\Capsium.Core\src\Capsium.Units\Capsium.Units.csproj", "{41D23BB4-184A-4FCF-9512-913089B219F8}"
EndProject
Project("{9A19103F-16F7-4668-BE54-9A1E7A4F7556}") = "Capsium.Logging", "..\..\Capsium.Core\src\Capsium.Logging\Capsium.Logging.csproj", "{41921457-51F7-4B89-80F9-2E60A7B519A3}"
EndProject
Project("{9A19103F-16F7-4668-BE54-9A1E7A4F7556}") = "Ads1015_Sample", "Ads1015_Sample\Ads1015_Sample.csproj", "{E280251C-F44D-4AB2-9448-DF523D5567F1}"
EndProject
Project("{9A19103F-16F7-4668-BE54-9A1E7A4F7556}") = "ICs.ADC.Ads1x15", "..\..\Capsium.Foundation\src\Capsium.Foundation.Peripherals\ICs.ADC.Ads1x15\Driver\ICs.ADC.Ads1x15.csproj", "{270286FC-C59A-4EB2-A73F-9F7D813AFECF}"
EndProject
Project("{9A19103F-16F7-4668-BE54-9A1E7A4F7556}") = "AvaloniaCapsium", "AvaloniaCapsium\AvaloniaCapsium.csproj", "{1CF3FE07-89D2-46B8-8D90-F247E80C4F53}"
EndProject
Project("{9A19103F-16F7-4668-BE54-9A1E7A4F7556}") = "Capsium.Avalonia", "..\..\Capsium.Core\src\Capsium.Avalonia\Capsium.Avalonia.csproj", "{110B392A-6E00-4754-A690-5C903BC0197D}"
EndProject
Project("{FAE04EC0-301F-11D3-BF4B-00C04F79EFBC}") = "Blinky", "Blinky\Blinky.csproj", "{42138168-371B-4E16-AD85-411B41C4F522}"
EndProject
Project("{FAE04EC0-301F-11D3-BF4B-00C04F79EFBC}") = "Bme280_Sample", "Bme280_Sample\Bme280_Sample.csproj", "{2FC3D611-750E-4348-AEEC-98A019889F99}"
EndProject
Project("{FAE04EC0-301F-11D3-BF4B-00C04F79EFBC}") = "CharacterDisplaySample", "CharacterDisplaySample\CharacterDisplaySample.csproj", "{D5033A06-422D-4DA8-9EDD-B2B26DD28102}"
EndProject
Project("{9A19103F-16F7-4668-BE54-9A1E7A4F7556}") = "Displays.Lcd.CharacterDisplay", "..\..\Capsium.Foundation\src\Capsium.Foundation.Peripherals\Displays.Lcd.CharacterDisplay\Driver\Displays.Lcd.CharacterDisplay.csproj", "{43A630E0-8538-4012-A8A2-82A306988FBE}"
EndProject
Project("{FAE04EC0-301F-11D3-BF4B-00C04F79EFBC}") = "Led_Sample", "Led_Sample\Led_Sample.csproj", "{099C8094-FDF1-4129-8FC1-F65C01DACE47}"
EndProject
Project("{FAE04EC0-301F-11D3-BF4B-00C04F79EFBC}") = "PushButton_Sample", "PushButton_Sample\PushButton_Sample.csproj", "{6CC52265-DCCC-41E2-AE90-D4D98FDE53EF}"
EndProject
Project("{FAE04EC0-301F-11D3-BF4B-00C04F79EFBC}") = "ST7789_Sample", "ST7789_Sample\ST7789_Sample.csproj", "{42FDA95B-2B30-4C41-9CE3-B6B6F790060B}"
EndProject
Project("{9A19103F-16F7-4668-BE54-9A1E7A4F7556}") = "Graphics.MicroGraphics", "..\..\Capsium.Foundation\src\Capsium.Foundation.Libraries_and_Frameworks\Graphics.MicroGraphics\Driver\Graphics.MicroGraphics.csproj", "{1E329CBC-483D-48AB-99A7-BAC2133B9E1E}"
EndProject
Project("{9A19103F-16F7-4668-BE54-9A1E7A4F7556}") = "Displays.TftSpi", "..\..\Capsium.Foundation\src\Capsium.Foundation.Peripherals\Displays.TftSpi\Driver\Displays.TftSpi.csproj", "{213E09C3-9DE6-47FE-8A63-AE19D765B1E1}"
EndProject
Project("{FAE04EC0-301F-11D3-BF4B-00C04F79EFBC}") = "WifiWeather", "WifiWeather\WifiWeather.csproj", "{97505256-4006-46EF-B24F-AE8DF8D6EF39}"
EndProject
Project("{FAE04EC0-301F-11D3-BF4B-00C04F79EFBC}") = "Meadow.Gtk_Sample", "Meadow.Gtk_Sample\Meadow.Gtk_Sample.csproj", "{C6C80088-2D87-4DA6-9C99-F6138661F61D}"
EndProject
Project("{9A19103F-16F7-4668-BE54-9A1E7A4F7556}") = "Displays.Gtk", "..\..\Capsium.Foundation\src\Capsium.Foundation.Peripherals\Displays.Gtk\Driver\Displays.Gtk.csproj", "{88C05490-8E19-4D4D-81CF-1906965DB9D4}"
EndProject
Global
	GlobalSection(SolutionConfigurationPlatforms) = preSolution
		Debug|Any CPU = Debug|Any CPU
		Release|Any CPU = Release|Any CPU
	EndGlobalSection
	GlobalSection(ProjectConfigurationPlatforms) = postSolution
		{A0F4E104-4499-4517-AA8B-A0F838A1AF86}.Debug|Any CPU.ActiveCfg = Debug|Any CPU
		{A0F4E104-4499-4517-AA8B-A0F838A1AF86}.Debug|Any CPU.Build.0 = Debug|Any CPU
		{A0F4E104-4499-4517-AA8B-A0F838A1AF86}.Release|Any CPU.ActiveCfg = Release|Any CPU
		{A0F4E104-4499-4517-AA8B-A0F838A1AF86}.Release|Any CPU.Build.0 = Release|Any CPU
		{01717C49-BA37-4559-AE82-1F4E97FF8D7C}.Debug|Any CPU.ActiveCfg = Debug|Any CPU
		{01717C49-BA37-4559-AE82-1F4E97FF8D7C}.Debug|Any CPU.Build.0 = Debug|Any CPU
		{01717C49-BA37-4559-AE82-1F4E97FF8D7C}.Release|Any CPU.ActiveCfg = Release|Any CPU
		{01717C49-BA37-4559-AE82-1F4E97FF8D7C}.Release|Any CPU.Build.0 = Release|Any CPU
		{7AFE90CA-EACA-4F13-9BBB-27B61BC8C074}.Debug|Any CPU.ActiveCfg = Debug|Any CPU
		{7AFE90CA-EACA-4F13-9BBB-27B61BC8C074}.Debug|Any CPU.Build.0 = Debug|Any CPU
		{7AFE90CA-EACA-4F13-9BBB-27B61BC8C074}.Release|Any CPU.ActiveCfg = Release|Any CPU
		{7AFE90CA-EACA-4F13-9BBB-27B61BC8C074}.Release|Any CPU.Build.0 = Release|Any CPU
		{E9D3D29B-069F-485F-8150-9C1EEE1F80E0}.Debug|Any CPU.ActiveCfg = Debug|Any CPU
		{E9D3D29B-069F-485F-8150-9C1EEE1F80E0}.Debug|Any CPU.Build.0 = Debug|Any CPU
		{E9D3D29B-069F-485F-8150-9C1EEE1F80E0}.Release|Any CPU.ActiveCfg = Release|Any CPU
		{E9D3D29B-069F-485F-8150-9C1EEE1F80E0}.Release|Any CPU.Build.0 = Release|Any CPU
		{B4153A4D-51E5-4007-8964-DCAE4519D78A}.Debug|Any CPU.ActiveCfg = Debug|Any CPU
		{B4153A4D-51E5-4007-8964-DCAE4519D78A}.Debug|Any CPU.Build.0 = Debug|Any CPU
		{B4153A4D-51E5-4007-8964-DCAE4519D78A}.Release|Any CPU.ActiveCfg = Release|Any CPU
		{B4153A4D-51E5-4007-8964-DCAE4519D78A}.Release|Any CPU.Build.0 = Release|Any CPU
		{FA0DF18E-BA77-431D-9924-AE7EEA900B23}.Debug|Any CPU.ActiveCfg = Debug|Any CPU
		{FA0DF18E-BA77-431D-9924-AE7EEA900B23}.Debug|Any CPU.Build.0 = Debug|Any CPU
		{FA0DF18E-BA77-431D-9924-AE7EEA900B23}.Release|Any CPU.ActiveCfg = Release|Any CPU
		{FA0DF18E-BA77-431D-9924-AE7EEA900B23}.Release|Any CPU.Build.0 = Release|Any CPU
		{39D46938-0258-48DC-917A-BC1669F8F7F0}.Debug|Any CPU.ActiveCfg = Debug|Any CPU
		{39D46938-0258-48DC-917A-BC1669F8F7F0}.Debug|Any CPU.Build.0 = Debug|Any CPU
		{39D46938-0258-48DC-917A-BC1669F8F7F0}.Release|Any CPU.ActiveCfg = Release|Any CPU
		{39D46938-0258-48DC-917A-BC1669F8F7F0}.Release|Any CPU.Build.0 = Release|Any CPU
		{8BE1598C-090B-44FD-A07C-DBC93CF8981A}.Debug|Any CPU.ActiveCfg = Debug|Any CPU
		{8BE1598C-090B-44FD-A07C-DBC93CF8981A}.Debug|Any CPU.Build.0 = Debug|Any CPU
		{8BE1598C-090B-44FD-A07C-DBC93CF8981A}.Release|Any CPU.ActiveCfg = Release|Any CPU
		{8BE1598C-090B-44FD-A07C-DBC93CF8981A}.Release|Any CPU.Build.0 = Release|Any CPU
		{D78DC91E-FF0F-451A-BB29-5D990E40CF98}.Debug|Any CPU.ActiveCfg = Debug|Any CPU
		{D78DC91E-FF0F-451A-BB29-5D990E40CF98}.Debug|Any CPU.Build.0 = Debug|Any CPU
		{D78DC91E-FF0F-451A-BB29-5D990E40CF98}.Release|Any CPU.ActiveCfg = Release|Any CPU
		{D78DC91E-FF0F-451A-BB29-5D990E40CF98}.Release|Any CPU.Build.0 = Release|Any CPU
		{41D23BB4-184A-4FCF-9512-913089B219F8}.Debug|Any CPU.ActiveCfg = Debug|Any CPU
		{41D23BB4-184A-4FCF-9512-913089B219F8}.Debug|Any CPU.Build.0 = Debug|Any CPU
		{41D23BB4-184A-4FCF-9512-913089B219F8}.Release|Any CPU.ActiveCfg = Release|Any CPU
		{41D23BB4-184A-4FCF-9512-913089B219F8}.Release|Any CPU.Build.0 = Release|Any CPU
		{41921457-51F7-4B89-80F9-2E60A7B519A3}.Debug|Any CPU.ActiveCfg = Debug|Any CPU
		{41921457-51F7-4B89-80F9-2E60A7B519A3}.Debug|Any CPU.Build.0 = Debug|Any CPU
		{41921457-51F7-4B89-80F9-2E60A7B519A3}.Release|Any CPU.ActiveCfg = Release|Any CPU
		{41921457-51F7-4B89-80F9-2E60A7B519A3}.Release|Any CPU.Build.0 = Release|Any CPU
		{E280251C-F44D-4AB2-9448-DF523D5567F1}.Debug|Any CPU.ActiveCfg = Debug|Any CPU
		{E280251C-F44D-4AB2-9448-DF523D5567F1}.Debug|Any CPU.Build.0 = Debug|Any CPU
		{E280251C-F44D-4AB2-9448-DF523D5567F1}.Release|Any CPU.ActiveCfg = Release|Any CPU
		{E280251C-F44D-4AB2-9448-DF523D5567F1}.Release|Any CPU.Build.0 = Release|Any CPU
		{270286FC-C59A-4EB2-A73F-9F7D813AFECF}.Debug|Any CPU.ActiveCfg = Debug|Any CPU
		{270286FC-C59A-4EB2-A73F-9F7D813AFECF}.Debug|Any CPU.Build.0 = Debug|Any CPU
		{270286FC-C59A-4EB2-A73F-9F7D813AFECF}.Release|Any CPU.ActiveCfg = Release|Any CPU
		{270286FC-C59A-4EB2-A73F-9F7D813AFECF}.Release|Any CPU.Build.0 = Release|Any CPU
		{1CF3FE07-89D2-46B8-8D90-F247E80C4F53}.Debug|Any CPU.ActiveCfg = Debug|Any CPU
		{1CF3FE07-89D2-46B8-8D90-F247E80C4F53}.Debug|Any CPU.Build.0 = Debug|Any CPU
		{1CF3FE07-89D2-46B8-8D90-F247E80C4F53}.Release|Any CPU.ActiveCfg = Release|Any CPU
		{1CF3FE07-89D2-46B8-8D90-F247E80C4F53}.Release|Any CPU.Build.0 = Release|Any CPU
		{110B392A-6E00-4754-A690-5C903BC0197D}.Debug|Any CPU.ActiveCfg = Debug|Any CPU
		{110B392A-6E00-4754-A690-5C903BC0197D}.Debug|Any CPU.Build.0 = Debug|Any CPU
		{110B392A-6E00-4754-A690-5C903BC0197D}.Release|Any CPU.ActiveCfg = Release|Any CPU
		{110B392A-6E00-4754-A690-5C903BC0197D}.Release|Any CPU.Build.0 = Release|Any CPU
		{42138168-371B-4E16-AD85-411B41C4F522}.Debug|Any CPU.ActiveCfg = Debug|Any CPU
		{42138168-371B-4E16-AD85-411B41C4F522}.Debug|Any CPU.Build.0 = Debug|Any CPU
		{42138168-371B-4E16-AD85-411B41C4F522}.Release|Any CPU.ActiveCfg = Release|Any CPU
		{42138168-371B-4E16-AD85-411B41C4F522}.Release|Any CPU.Build.0 = Release|Any CPU
		{2FC3D611-750E-4348-AEEC-98A019889F99}.Debug|Any CPU.ActiveCfg = Debug|Any CPU
		{2FC3D611-750E-4348-AEEC-98A019889F99}.Debug|Any CPU.Build.0 = Debug|Any CPU
		{2FC3D611-750E-4348-AEEC-98A019889F99}.Release|Any CPU.ActiveCfg = Release|Any CPU
		{2FC3D611-750E-4348-AEEC-98A019889F99}.Release|Any CPU.Build.0 = Release|Any CPU
		{D5033A06-422D-4DA8-9EDD-B2B26DD28102}.Debug|Any CPU.ActiveCfg = Debug|Any CPU
		{D5033A06-422D-4DA8-9EDD-B2B26DD28102}.Debug|Any CPU.Build.0 = Debug|Any CPU
		{D5033A06-422D-4DA8-9EDD-B2B26DD28102}.Release|Any CPU.ActiveCfg = Release|Any CPU
		{D5033A06-422D-4DA8-9EDD-B2B26DD28102}.Release|Any CPU.Build.0 = Release|Any CPU
		{43A630E0-8538-4012-A8A2-82A306988FBE}.Debug|Any CPU.ActiveCfg = Debug|Any CPU
		{43A630E0-8538-4012-A8A2-82A306988FBE}.Debug|Any CPU.Build.0 = Debug|Any CPU
		{43A630E0-8538-4012-A8A2-82A306988FBE}.Release|Any CPU.ActiveCfg = Release|Any CPU
		{43A630E0-8538-4012-A8A2-82A306988FBE}.Release|Any CPU.Build.0 = Release|Any CPU
		{099C8094-FDF1-4129-8FC1-F65C01DACE47}.Debug|Any CPU.ActiveCfg = Debug|Any CPU
		{099C8094-FDF1-4129-8FC1-F65C01DACE47}.Debug|Any CPU.Build.0 = Debug|Any CPU
		{099C8094-FDF1-4129-8FC1-F65C01DACE47}.Release|Any CPU.ActiveCfg = Release|Any CPU
		{099C8094-FDF1-4129-8FC1-F65C01DACE47}.Release|Any CPU.Build.0 = Release|Any CPU
		{6CC52265-DCCC-41E2-AE90-D4D98FDE53EF}.Debug|Any CPU.ActiveCfg = Debug|Any CPU
		{6CC52265-DCCC-41E2-AE90-D4D98FDE53EF}.Debug|Any CPU.Build.0 = Debug|Any CPU
		{6CC52265-DCCC-41E2-AE90-D4D98FDE53EF}.Release|Any CPU.ActiveCfg = Release|Any CPU
		{6CC52265-DCCC-41E2-AE90-D4D98FDE53EF}.Release|Any CPU.Build.0 = Release|Any CPU
		{42FDA95B-2B30-4C41-9CE3-B6B6F790060B}.Debug|Any CPU.ActiveCfg = Debug|Any CPU
		{42FDA95B-2B30-4C41-9CE3-B6B6F790060B}.Debug|Any CPU.Build.0 = Debug|Any CPU
		{42FDA95B-2B30-4C41-9CE3-B6B6F790060B}.Release|Any CPU.ActiveCfg = Release|Any CPU
		{42FDA95B-2B30-4C41-9CE3-B6B6F790060B}.Release|Any CPU.Build.0 = Release|Any CPU
		{1E329CBC-483D-48AB-99A7-BAC2133B9E1E}.Debug|Any CPU.ActiveCfg = Debug|Any CPU
		{1E329CBC-483D-48AB-99A7-BAC2133B9E1E}.Debug|Any CPU.Build.0 = Debug|Any CPU
		{1E329CBC-483D-48AB-99A7-BAC2133B9E1E}.Release|Any CPU.ActiveCfg = Release|Any CPU
		{1E329CBC-483D-48AB-99A7-BAC2133B9E1E}.Release|Any CPU.Build.0 = Release|Any CPU
		{213E09C3-9DE6-47FE-8A63-AE19D765B1E1}.Debug|Any CPU.ActiveCfg = Debug|Any CPU
		{213E09C3-9DE6-47FE-8A63-AE19D765B1E1}.Debug|Any CPU.Build.0 = Debug|Any CPU
		{213E09C3-9DE6-47FE-8A63-AE19D765B1E1}.Release|Any CPU.ActiveCfg = Release|Any CPU
		{213E09C3-9DE6-47FE-8A63-AE19D765B1E1}.Release|Any CPU.Build.0 = Release|Any CPU
		{97505256-4006-46EF-B24F-AE8DF8D6EF39}.Debug|Any CPU.ActiveCfg = Debug|Any CPU
		{97505256-4006-46EF-B24F-AE8DF8D6EF39}.Debug|Any CPU.Build.0 = Debug|Any CPU
		{97505256-4006-46EF-B24F-AE8DF8D6EF39}.Release|Any CPU.ActiveCfg = Release|Any CPU
		{97505256-4006-46EF-B24F-AE8DF8D6EF39}.Release|Any CPU.Build.0 = Release|Any CPU
		{C6C80088-2D87-4DA6-9C99-F6138661F61D}.Debug|Any CPU.ActiveCfg = Debug|Any CPU
		{C6C80088-2D87-4DA6-9C99-F6138661F61D}.Debug|Any CPU.Build.0 = Debug|Any CPU
		{C6C80088-2D87-4DA6-9C99-F6138661F61D}.Release|Any CPU.ActiveCfg = Release|Any CPU
		{C6C80088-2D87-4DA6-9C99-F6138661F61D}.Release|Any CPU.Build.0 = Release|Any CPU
		{88C05490-8E19-4D4D-81CF-1906965DB9D4}.Debug|Any CPU.ActiveCfg = Debug|Any CPU
		{88C05490-8E19-4D4D-81CF-1906965DB9D4}.Debug|Any CPU.Build.0 = Debug|Any CPU
		{88C05490-8E19-4D4D-81CF-1906965DB9D4}.Release|Any CPU.ActiveCfg = Release|Any CPU
		{88C05490-8E19-4D4D-81CF-1906965DB9D4}.Release|Any CPU.Build.0 = Release|Any CPU
	EndGlobalSection
	GlobalSection(SolutionProperties) = preSolution
		HideSolutionNode = FALSE
	EndGlobalSection
	GlobalSection(NestedProjects) = preSolution
		{A0F4E104-4499-4517-AA8B-A0F838A1AF86} = {875EBDBE-D14E-4A4A-901A-9A6D6295535F}
		{01717C49-BA37-4559-AE82-1F4E97FF8D7C} = {875EBDBE-D14E-4A4A-901A-9A6D6295535F}
		{7AFE90CA-EACA-4F13-9BBB-27B61BC8C074} = {875EBDBE-D14E-4A4A-901A-9A6D6295535F}
		{E9D3D29B-069F-485F-8150-9C1EEE1F80E0} = {1874F965-44FA-416A-ADC0-988080AB3BAA}
		{B4153A4D-51E5-4007-8964-DCAE4519D78A} = {875EBDBE-D14E-4A4A-901A-9A6D6295535F}
		{FA0DF18E-BA77-431D-9924-AE7EEA900B23} = {875EBDBE-D14E-4A4A-901A-9A6D6295535F}
		{39D46938-0258-48DC-917A-BC1669F8F7F0} = {875EBDBE-D14E-4A4A-901A-9A6D6295535F}
		{8BE1598C-090B-44FD-A07C-DBC93CF8981A} = {875EBDBE-D14E-4A4A-901A-9A6D6295535F}
		{D78DC91E-FF0F-451A-BB29-5D990E40CF98} = {875EBDBE-D14E-4A4A-901A-9A6D6295535F}
		{41D23BB4-184A-4FCF-9512-913089B219F8} = {875EBDBE-D14E-4A4A-901A-9A6D6295535F}
		{41921457-51F7-4B89-80F9-2E60A7B519A3} = {875EBDBE-D14E-4A4A-901A-9A6D6295535F}
		{E280251C-F44D-4AB2-9448-DF523D5567F1} = {DD3AA10D-7A7D-4DA7-B8B2-A9309B8F32D4}
		{270286FC-C59A-4EB2-A73F-9F7D813AFECF} = {875EBDBE-D14E-4A4A-901A-9A6D6295535F}
		{1CF3FE07-89D2-46B8-8D90-F247E80C4F53} = {DD3AA10D-7A7D-4DA7-B8B2-A9309B8F32D4}
		{110B392A-6E00-4754-A690-5C903BC0197D} = {875EBDBE-D14E-4A4A-901A-9A6D6295535F}
		{42138168-371B-4E16-AD85-411B41C4F522} = {DD3AA10D-7A7D-4DA7-B8B2-A9309B8F32D4}
		{2FC3D611-750E-4348-AEEC-98A019889F99} = {DD3AA10D-7A7D-4DA7-B8B2-A9309B8F32D4}
		{D5033A06-422D-4DA8-9EDD-B2B26DD28102} = {DD3AA10D-7A7D-4DA7-B8B2-A9309B8F32D4}
		{43A630E0-8538-4012-A8A2-82A306988FBE} = {875EBDBE-D14E-4A4A-901A-9A6D6295535F}
		{099C8094-FDF1-4129-8FC1-F65C01DACE47} = {DD3AA10D-7A7D-4DA7-B8B2-A9309B8F32D4}
		{6CC52265-DCCC-41E2-AE90-D4D98FDE53EF} = {DD3AA10D-7A7D-4DA7-B8B2-A9309B8F32D4}
		{42FDA95B-2B30-4C41-9CE3-B6B6F790060B} = {DD3AA10D-7A7D-4DA7-B8B2-A9309B8F32D4}
		{1E329CBC-483D-48AB-99A7-BAC2133B9E1E} = {875EBDBE-D14E-4A4A-901A-9A6D6295535F}
		{213E09C3-9DE6-47FE-8A63-AE19D765B1E1} = {875EBDBE-D14E-4A4A-901A-9A6D6295535F}
		{97505256-4006-46EF-B24F-AE8DF8D6EF39} = {DD3AA10D-7A7D-4DA7-B8B2-A9309B8F32D4}
		{C6C80088-2D87-4DA6-9C99-F6138661F61D} = {206FF883-FA74-46F4-9C81-65917A9FBECB}
		{88C05490-8E19-4D4D-81CF-1906965DB9D4} = {875EBDBE-D14E-4A4A-901A-9A6D6295535F}
	EndGlobalSection
	GlobalSection(ExtensibilityGlobals) = postSolution
		SolutionGuid = {77298F82-96E5-44B4-9258-C0BD3862E792}
	EndGlobalSection
EndGlobal
